
Microsoft Visual Studio Solution File, Format Version 12.00
# Visual Studio 2013
VisualStudioVersion = 12.0.31101.0
MinimumVisualStudioVersion = 10.0.40219.1
Project("{FAE04EC0-301F-11D3-BF4B-00C04F79EFBC}") = "DAL", "DAL\DAL.csproj", "{81E1AD2D-43E3-4F93-8A66-61014D7F24EF}"
EndProject
Project("{FAE04EC0-301F-11D3-BF4B-00C04F79EFBC}") = "SF", "SF\SF.csproj", "{CAE39479-A6BA-4C68-95CC-4A838BB7DD77}"
EndProject
Project("{FAE04EC0-301F-11D3-BF4B-00C04F79EFBC}") = "SFTest", "SFTest\SFTest.csproj", "{9AB3E7E1-0810-4C48-AC87-4842F5EBCE53}"
EndProject
Project("{FAE04EC0-301F-11D3-BF4B-00C04F79EFBC}") = "BLL", "BLL\BLL.csproj", "{0B83296F-0211-4881-9449-9F2B088EA7F8}"
EndProject
Project("{FAE04EC0-301F-11D3-BF4B-00C04F79EFBC}") = "BLL Test", "BLL Test\BLL Test.csproj", "{00EF6DE1-43E4-4C94-8BE1-BCC5D8FAC2C1}"
EndProject
Project("{FAE04EC0-301F-11D3-BF4B-00C04F79EFBC}") = "DependencyResolver", "DependencyResolver\DependencyResolver.csproj", "{490F1FE8-772A-426D-96CF-FDB79BA7BBD0}"
EndProject
Global
	GlobalSection(SolutionConfigurationPlatforms) = preSolution
		Debug|Any CPU = Debug|Any CPU
		Release|Any CPU = Release|Any CPU
	EndGlobalSection
	GlobalSection(ProjectConfigurationPlatforms) = postSolution
		{81E1AD2D-43E3-4F93-8A66-61014D7F24EF}.Debug|Any CPU.ActiveCfg = Debug|Any CPU
		{81E1AD2D-43E3-4F93-8A66-61014D7F24EF}.Debug|Any CPU.Build.0 = Debug|Any CPU
		{81E1AD2D-43E3-4F93-8A66-61014D7F24EF}.Release|Any CPU.ActiveCfg = Release|Any CPU
		{81E1AD2D-43E3-4F93-8A66-61014D7F24EF}.Release|Any CPU.Build.0 = Release|Any CPU
		{CAE39479-A6BA-4C68-95CC-4A838BB7DD77}.Debug|Any CPU.ActiveCfg = Debug|Any CPU
		{CAE39479-A6BA-4C68-95CC-4A838BB7DD77}.Debug|Any CPU.Build.0 = Debug|Any CPU
		{CAE39479-A6BA-4C68-95CC-4A838BB7DD77}.Release|Any CPU.ActiveCfg = Release|Any CPU
		{CAE39479-A6BA-4C68-95CC-4A838BB7DD77}.Release|Any CPU.Build.0 = Release|Any CPU
		{9AB3E7E1-0810-4C48-AC87-4842F5EBCE53}.Debug|Any CPU.ActiveCfg = Debug|Any CPU
		{9AB3E7E1-0810-4C48-AC87-4842F5EBCE53}.Debug|Any CPU.Build.0 = Debug|Any CPU
		{9AB3E7E1-0810-4C48-AC87-4842F5EBCE53}.Release|Any CPU.ActiveCfg = Release|Any CPU
		{9AB3E7E1-0810-4C48-AC87-4842F5EBCE53}.Release|Any CPU.Build.0 = Release|Any CPU
		{0B83296F-0211-4881-9449-9F2B088EA7F8}.Debug|Any CPU.ActiveCfg = Debug|Any CPU
		{0B83296F-0211-4881-9449-9F2B088EA7F8}.Debug|Any CPU.Build.0 = Debug|Any CPU
		{0B83296F-0211-4881-9449-9F2B088EA7F8}.Release|Any CPU.ActiveCfg = Release|Any CPU
		{0B83296F-0211-4881-9449-9F2B088EA7F8}.Release|Any CPU.Build.0 = Release|Any CPU
		{00EF6DE1-43E4-4C94-8BE1-BCC5D8FAC2C1}.Debug|Any CPU.ActiveCfg = Debug|Any CPU
		{00EF6DE1-43E4-4C94-8BE1-BCC5D8FAC2C1}.Debug|Any CPU.Build.0 = Debug|Any CPU
		{00EF6DE1-43E4-4C94-8BE1-BCC5D8FAC2C1}.Release|Any CPU.ActiveCfg = Release|Any CPU
		{00EF6DE1-43E4-4C94-8BE1-BCC5D8FAC2C1}.Release|Any CPU.Build.0 = Release|Any CPU
		{490F1FE8-772A-426D-96CF-FDB79BA7BBD0}.Debug|Any CPU.ActiveCfg = Debug|Any CPU
		{490F1FE8-772A-426D-96CF-FDB79BA7BBD0}.Debug|Any CPU.Build.0 = Debug|Any CPU
		{490F1FE8-772A-426D-96CF-FDB79BA7BBD0}.Release|Any CPU.ActiveCfg = Release|Any CPU
		{490F1FE8-772A-426D-96CF-FDB79BA7BBD0}.Release|Any CPU.Build.0 = Release|Any CPU
	EndGlobalSection
	GlobalSection(SolutionProperties) = preSolution
		HideSolutionNode = FALSE
	EndGlobalSection
EndGlobal
